
Microsoft Visual Studio Solution File, Format Version 12.00
# Visual Studio Version 16
VisualStudioVersion = 16.0.30002.166
MinimumVisualStudioVersion = 10.0.40219.1
Project("{FAE04EC0-301F-11D3-BF4B-00C04F79EFBC}") = "Rentacar", "Rentacar\Rentacar.csproj", "{74F71C01-3EA2-4412-833F-4575F5419841}"
EndProject
Global
	GlobalSection(SolutionConfigurationPlatforms) = preSolution
		Debug|Any CPU = Debug|Any CPU
		Release|Any CPU = Release|Any CPU
	EndGlobalSection
	GlobalSection(ProjectConfigurationPlatforms) = postSolution
		{74F71C01-3EA2-4412-833F-4575F5419841}.Debug|Any CPU.ActiveCfg = Debug|Any CPU
		{74F71C01-3EA2-4412-833F-4575F5419841}.Debug|Any CPU.Build.0 = Debug|Any CPU
		{74F71C01-3EA2-4412-833F-4575F5419841}.Release|Any CPU.ActiveCfg = Release|Any CPU
		{74F71C01-3EA2-4412-833F-4575F5419841}.Release|Any CPU.Build.0 = Release|Any CPU
	EndGlobalSection
	GlobalSection(SolutionProperties) = preSolution
		HideSolutionNode = FALSE
	EndGlobalSection
	GlobalSection(ExtensibilityGlobals) = postSolution
		SolutionGuid = {DBE899B1-E901-46EA-A843-7B0A6632AE48}
	EndGlobalSection
EndGlobal
